
Microsoft Visual Studio Solution File, Format Version 12.00
# Visual Studio Version 17
VisualStudioVersion = 17.6.33815.320
MinimumVisualStudioVersion = 10.0.40219.1
Project("{FAE04EC0-301F-11D3-BF4B-00C04F79EFBC}") = "NewsclipWebApp", "NewsclipWebApp.csproj", "{B91D42BB-9A3D-4F6E-B498-53A2AADEEBA0}"
EndProject
Global
	GlobalSection(SolutionConfigurationPlatforms) = preSolution
		Debug|Any CPU = Debug|Any CPU
		Release|Any CPU = Release|Any CPU
	EndGlobalSection
	GlobalSection(ProjectConfigurationPlatforms) = postSolution
		{B91D42BB-9A3D-4F6E-B498-53A2AADEEBA0}.Debug|Any CPU.ActiveCfg = Debug|Any CPU
		{B91D42BB-9A3D-4F6E-B498-53A2AADEEBA0}.Debug|Any CPU.Build.0 = Debug|Any CPU
		{B91D42BB-9A3D-4F6E-B498-53A2AADEEBA0}.Release|Any CPU.ActiveCfg = Release|Any CPU
		{B91D42BB-9A3D-4F6E-B498-53A2AADEEBA0}.Release|Any CPU.Build.0 = Release|Any CPU
	EndGlobalSection
	GlobalSection(SolutionProperties) = preSolution
		HideSolutionNode = FALSE
	EndGlobalSection
	GlobalSection(ExtensibilityGlobals) = postSolution
		SolutionGuid = {57DCDB12-C23A-4E13-B765-F7F0FF3B16F4}
	EndGlobalSection
EndGlobal
